
Microsoft Visual Studio Solution File, Format Version 11.00
# Visual Studio 2010
Project("{FAE04EC0-301F-11D3-BF4B-00C04F79EFBC}") = "External", "External.csproj", "{7519c6bc-fd6f-9e70-49aa-5dd23ddfba84}"
EndProject
Project("{FAE04EC0-301F-11D3-BF4B-00C04F79EFBC}") = "Assembly-CSharp", "Assembly-CSharp.csproj", "{24cec972-e28a-0b3e-951b-e8de3549d73e}"
EndProject
Global
	GlobalSection(SolutionConfigurationPlatforms) = preSolution
		Debug|Any CPU = Debug|Any CPU
		Release|Any CPU = Release|Any CPU
	EndGlobalSection
	GlobalSection(ProjectConfigurationPlatforms) = postSolution
		{7519c6bc-fd6f-9e70-49aa-5dd23ddfba84}.Debug|Any CPU.ActiveCfg = Debug|Any CPU
		{7519c6bc-fd6f-9e70-49aa-5dd23ddfba84}.Debug|Any CPU.Build.0 = Debug|Any CPU
		{7519c6bc-fd6f-9e70-49aa-5dd23ddfba84}.Release|Any CPU.ActiveCfg = Release|Any CPU
		{7519c6bc-fd6f-9e70-49aa-5dd23ddfba84}.Release|Any CPU.Build.0 = Release|Any CPU
		{24cec972-e28a-0b3e-951b-e8de3549d73e}.Debug|Any CPU.ActiveCfg = Debug|Any CPU
		{24cec972-e28a-0b3e-951b-e8de3549d73e}.Debug|Any CPU.Build.0 = Debug|Any CPU
		{24cec972-e28a-0b3e-951b-e8de3549d73e}.Release|Any CPU.ActiveCfg = Release|Any CPU
		{24cec972-e28a-0b3e-951b-e8de3549d73e}.Release|Any CPU.Build.0 = Release|Any CPU
	EndGlobalSection
	GlobalSection(SolutionProperties) = preSolution
		HideSolutionNode = FALSE
	EndGlobalSection
EndGlobal
